
Microsoft Visual Studio Solution File, Format Version 12.00
# Visual Studio Version 17
VisualStudioVersion = 17.6.33801.468
MinimumVisualStudioVersion = 10.0.40219.1
Project("{FAE04EC0-301F-11D3-BF4B-00C04F79EFBC}") = "ConsoleApp8", "ConsoleApp8.csproj", "{4CD5282C-CE8C-4B9E-9176-DA6EC06D98A1}"
EndProject
Global
	GlobalSection(SolutionConfigurationPlatforms) = preSolution
		Debug|Any CPU = Debug|Any CPU
		Release|Any CPU = Release|Any CPU
	EndGlobalSection
	GlobalSection(ProjectConfigurationPlatforms) = postSolution
		{4CD5282C-CE8C-4B9E-9176-DA6EC06D98A1}.Debug|Any CPU.ActiveCfg = Debug|Any CPU
		{4CD5282C-CE8C-4B9E-9176-DA6EC06D98A1}.Debug|Any CPU.Build.0 = Debug|Any CPU
		{4CD5282C-CE8C-4B9E-9176-DA6EC06D98A1}.Release|Any CPU.ActiveCfg = Release|Any CPU
		{4CD5282C-CE8C-4B9E-9176-DA6EC06D98A1}.Release|Any CPU.Build.0 = Release|Any CPU
	EndGlobalSection
	GlobalSection(SolutionProperties) = preSolution
		HideSolutionNode = FALSE
	EndGlobalSection
	GlobalSection(ExtensibilityGlobals) = postSolution
		SolutionGuid = {2AC8D49A-FDD7-44D1-9BBE-BD5B5D626388}
	EndGlobalSection
EndGlobal
